Microsoft Visual Studio Solution File, Format Version 12.00
# Visual Studio Version 17
VisualStudioVersion = 17.0.31903.59
MinimumVisualStudioVersion = 10.0.40219.1
Project("{FAE04EC0-301F-11D3-BF4B-00C04F79EFBC}") = "OrdersApi", "src\OrdersApi\OrdersApi.csproj", "{BFE81D32-5CCD-480B-9DA4-57D1FD8B42E0}"
EndProject
Project("{FAE04EC0-301F-11D3-BF4B-00C04F79EFBC}") = "OrdersApi.Tests", "tests\OrdersApi.Tests\OrdersApi.Tests.csproj", "{EC44E273-CC5A-491E-B8FB-333D5966DAB9}"
EndProject
Global
	GlobalSection(SolutionConfigurationPlatforms) = preSolution
		Debug|Any CPU = Debug|Any CPU
		Release|Any CPU = Release|Any CPU
	EndGlobalSection
	GlobalSection(ProjectConfigurationPlatforms) = postSolution
		{BFE81D32-5CCD-480B-9DA4-57D1FD8B42E0}.Debug|Any CPU.ActiveCfg = Debug|Any CPU
		{BFE81D32-5CCD-480B-9DA4-57D1FD8B42E0}.Debug|Any CPU.Build.0 = Debug|Any CPU
		{BFE81D32-5CCD-480B-9DA4-57D1FD8B42E0}.Release|Any CPU.ActiveCfg = Release|Any CPU
		{BFE81D32-5CCD-480B-9DA4-57D1FD8B42E0}.Release|Any CPU.Build.0 = Release|Any CPU
		{EC44E273-CC5A-491E-B8FB-333D5966DAB9}.Debug|Any CPU.ActiveCfg = Debug|Any CPU
		{EC44E273-CC5A-491E-B8FB-333D5966DAB9}.Debug|Any CPU.Build.0 = Debug|Any CPU
		{EC44E273-CC5A-491E-B8FB-333D5966DAB9}.Release|Any CPU.ActiveCfg = Release|Any CPU
		{EC44E273-CC5A-491E-B8FB-333D5966DAB9}.Release|Any CPU.Build.0 = Release|Any CPU
	EndGlobalSection
	GlobalSection(SolutionProperties) = preSolution
		HideSolutionNode = FALSE
	EndGlobalSection
EndGlobal
